
Microsoft Visual Studio Solution File, Format Version 12.00
# Visual Studio Version 17
VisualStudioVersion = 17.5.33424.131
MinimumVisualStudioVersion = 10.0.40219.1
Project("{FAE04EC0-301F-11D3-BF4B-00C04F79EFBC}") = "Pathfinder1ESpellbook", "Pathfinder1ESpellbook\Pathfinder1ESpellbook.csproj", "{DFD02661-3E31-47BC-AAF7-CE8DE3A8D98E}"
EndProject
Global
	GlobalSection(SolutionConfigurationPlatforms) = preSolution
		Debug|Any CPU = Debug|Any CPU
		Release|Any CPU = Release|Any CPU
	EndGlobalSection
	GlobalSection(ProjectConfigurationPlatforms) = postSolution
		{DFD02661-3E31-47BC-AAF7-CE8DE3A8D98E}.Debug|Any CPU.ActiveCfg = Debug|Any CPU
		{DFD02661-3E31-47BC-AAF7-CE8DE3A8D98E}.Debug|Any CPU.Build.0 = Debug|Any CPU
		{DFD02661-3E31-47BC-AAF7-CE8DE3A8D98E}.Release|Any CPU.ActiveCfg = Release|Any CPU
		{DFD02661-3E31-47BC-AAF7-CE8DE3A8D98E}.Release|Any CPU.Build.0 = Release|Any CPU
	EndGlobalSection
	GlobalSection(SolutionProperties) = preSolution
		HideSolutionNode = FALSE
	EndGlobalSection
	GlobalSection(ExtensibilityGlobals) = postSolution
		SolutionGuid = {55E247C3-CC3B-4990-B729-22BA88B8A90F}
	EndGlobalSection
EndGlobal
